
Microsoft Visual Studio Solution File, Format Version 12.00
# Visual Studio 15
VisualStudioVersion = 15.0.28307.421
MinimumVisualStudioVersion = 10.0.40219.1
Project("{FAE04EC0-301F-11D3-BF4B-00C04F79EFBC}") = "squareInHole", "squareInHole\squareInHole.csproj", "{8BD68607-FF2D-405D-8785-6577D73A6A71}"
EndProject
Global
	GlobalSection(SolutionConfigurationPlatforms) = preSolution
		Debug|Any CPU = Debug|Any CPU
		Release|Any CPU = Release|Any CPU
	EndGlobalSection
	GlobalSection(ProjectConfigurationPlatforms) = postSolution
		{8BD68607-FF2D-405D-8785-6577D73A6A71}.Debug|Any CPU.ActiveCfg = Debug|Any CPU
		{8BD68607-FF2D-405D-8785-6577D73A6A71}.Debug|Any CPU.Build.0 = Debug|Any CPU
		{8BD68607-FF2D-405D-8785-6577D73A6A71}.Release|Any CPU.ActiveCfg = Release|Any CPU
		{8BD68607-FF2D-405D-8785-6577D73A6A71}.Release|Any CPU.Build.0 = Release|Any CPU
	EndGlobalSection
	GlobalSection(SolutionProperties) = preSolution
		HideSolutionNode = FALSE
	EndGlobalSection
	GlobalSection(ExtensibilityGlobals) = postSolution
		SolutionGuid = {7ED1DA87-0CEA-4854-8AA7-7A7AD50BF3E8}
	EndGlobalSection
EndGlobal
